
Microsoft Visual Studio Solution File, Format Version 12.00
# Visual Studio Version 16
VisualStudioVersion = 16.0.33027.164
MinimumVisualStudioVersion = 10.0.40219.1
Project("{FAE04EC0-301F-11D3-BF4B-00C04F79EFBC}") = "lab1ex3", "lab1ex3\lab1ex3.csproj", "{BB29CF93-26F2-48DF-9DD8-948A4334E092}"
EndProject
Global
	GlobalSection(SolutionConfigurationPlatforms) = preSolution
		Debug|Any CPU = Debug|Any CPU
		Release|Any CPU = Release|Any CPU
	EndGlobalSection
	GlobalSection(ProjectConfigurationPlatforms) = postSolution
		{BB29CF93-26F2-48DF-9DD8-948A4334E092}.Debug|Any CPU.ActiveCfg = Debug|Any CPU
		{BB29CF93-26F2-48DF-9DD8-948A4334E092}.Debug|Any CPU.Build.0 = Debug|Any CPU
		{BB29CF93-26F2-48DF-9DD8-948A4334E092}.Release|Any CPU.ActiveCfg = Release|Any CPU
		{BB29CF93-26F2-48DF-9DD8-948A4334E092}.Release|Any CPU.Build.0 = Release|Any CPU
	EndGlobalSection
	GlobalSection(SolutionProperties) = preSolution
		HideSolutionNode = FALSE
	EndGlobalSection
	GlobalSection(ExtensibilityGlobals) = postSolution
		SolutionGuid = {C0E60FC9-0CCA-41E1-B4DB-5E291CB6FDE7}
	EndGlobalSection
EndGlobal
